# This file is automatically @generated by Poetry 1.8.3 and should not be changed by hand.

[[package]]
name = "pyvmomi"
version = "8.0.2.0.1"
description = "VMware vSphere Python SDK"
optional = false
python-versions = ">=2.7.9, !=3.0.*, !=3.1.*, !=3.2.*, !=3.3.*"
files = [
    {file = "pyvmomi-8.0.2.0.1.tar.gz", hash = "sha256:791c4d93252e3c0896fecae8d785f8342b123672e7cae9c5548a639b9bf668ad"},
]

[package.dependencies]
six = ">=1.7.3"

[package.extras]
sso = ["lxml", "pyOpenSSL", "pywin32"]

[[package]]
name = "six"
version = "1.16.0"
description = "Python 2 and 3 compatibility utilities"
optional = false
python-versions = ">=2.7, !=3.0.*, !=3.1.*, !=3.2.*"
files = [
    {file = "six-1.16.0-py2.py3-none-any.whl", hash = "sha256:8abb2f1d86890a2dfb989f9a77cfcfd3e47c2a354b01111771326f8aa26e0254"},
    {file = "six-1.16.0.tar.gz", hash = "sha256:1e61c37477a1626458e36f7b1d82aa5c9b094fa4802892072e49de9c60c4c926"},
]

[metadata]
lock-version = "2.0"
python-versions = "^3.12"
content-hash = "9864b20dcf2f4246b43fa46054fe44274c8b1de2c5204a374c8a8530cd462b97"
